// !$*UTF8*$!
{
	archiveVersion = 1;
	classes = {
	};
	objectVersion = 56;
	objects = {

/* Begin PBXBuildFile section */
		8E0D08E32AB5CAAD00E61FE1 /* BookmarkGroupUseCase.swift in Sources */ = {isa = PBXBuildFile; fileRef = 8E0D08E22AB5CAAD00E61FE1 /* BookmarkGroupUseCase.swift */; };
		8E0D08E62AB5CB8100E61FE1 /* BookmarkAPI.swift in Sources */ = {isa = PBXBuildFile; fileRef = 8E0D08E52AB5CB8100E61FE1 /* BookmarkAPI.swift */; };
		8E0D08EB2AB5CBCE00E61FE1 /* BookmarkGroupRepository.swift in Sources */ = {isa = PBXBuildFile; fileRef = 8E0D08EA2AB5CBCE00E61FE1 /* BookmarkGroupRepository.swift */; };
		8E0D08ED2AB5CC3C00E61FE1 /* BookmarkGroupEntity.swift in Sources */ = {isa = PBXBuildFile; fileRef = 8E0D08EC2AB5CC3C00E61FE1 /* BookmarkGroupEntity.swift */; };
		8E0D08EF2AB5CDA100E61FE1 /* bookmark_group_list.json in Resources */ = {isa = PBXBuildFile; fileRef = 8E0D08EE2AB5CDA100E61FE1 /* bookmark_group_list.json */; };
		8E0D08F22AB5CE6D00E61FE1 /* BookmarkViewModel.swift in Sources */ = {isa = PBXBuildFile; fileRef = 8E0D08F12AB5CE6D00E61FE1 /* BookmarkViewModel.swift */; };
		8E0D08F42AB5F9BD00E61FE1 /* BookmarkEntity.swift in Sources */ = {isa = PBXBuildFile; fileRef = 8E0D08F32AB5F9BD00E61FE1 /* BookmarkEntity.swift */; };
		8E0D08F72AB6042900E61FE1 /* BookmarkDetailViewModel.swift in Sources */ = {isa = PBXBuildFile; fileRef = 8E0D08F62AB6042900E61FE1 /* BookmarkDetailViewModel.swift */; };
		8E0D08FA2AB6051200E61FE1 /* bookmark_list.json in Resources */ = {isa = PBXBuildFile; fileRef = 8E0D08F92AB6051200E61FE1 /* bookmark_list.json */; };
		8E0D08FD2AB605E400E61FE1 /* BookmarkRepository.swift in Sources */ = {isa = PBXBuildFile; fileRef = 8E0D08FC2AB605E400E61FE1 /* BookmarkRepository.swift */; };
		8E0D08FF2AB606BD00E61FE1 /* BookmarkUseCase.swift in Sources */ = {isa = PBXBuildFile; fileRef = 8E0D08FE2AB606BD00E61FE1 /* BookmarkUseCase.swift */; };
		8E0D09062AB6FB5300E61FE1 /* SaveBookmarkView.swift in Sources */ = {isa = PBXBuildFile; fileRef = 8E0D09052AB6FB5300E61FE1 /* SaveBookmarkView.swift */; };
		8E13CD262AAB474600D769EE /* SearchView.swift in Sources */ = {isa = PBXBuildFile; fileRef = 8E13CD252AAB474600D769EE /* SearchView.swift */; };
		8E13CD282AAB519800D769EE /* GridCalculator.swift in Sources */ = {isa = PBXBuildFile; fileRef = 8E13CD272AAB519800D769EE /* GridCalculator.swift */; };
		8E13CD2A2AAB51A600D769EE /* GridView.swift in Sources */ = {isa = PBXBuildFile; fileRef = 8E13CD292AAB51A600D769EE /* GridView.swift */; };
		8E13CD2D2AAB51CD00D769EE /* Rating.swift in Sources */ = {isa = PBXBuildFile; fileRef = 8E13CD2C2AAB51CD00D769EE /* Rating.swift */; };
		8E13CD2F2AAB576F00D769EE /* SearchViewModel.swift in Sources */ = {isa = PBXBuildFile; fileRef = 8E13CD2E2AAB576F00D769EE /* SearchViewModel.swift */; };
		8E13CD352AACD24200D769EE /* MyPageView.swift in Sources */ = {isa = PBXBuildFile; fileRef = 8E13CD342AACD24200D769EE /* MyPageView.swift */; };
		8E13CD372AACD45E00D769EE /* UnderlinedButton.swift in Sources */ = {isa = PBXBuildFile; fileRef = 8E13CD362AACD45E00D769EE /* UnderlinedButton.swift */; };
		8E13CD3D2AACD78300D769EE /* BottomContainerButton.swift in Sources */ = {isa = PBXBuildFile; fileRef = 8E13CD3C2AACD78300D769EE /* BottomContainerButton.swift */; };
		8E13CD3F2AACDA9A00D769EE /* EditProfileView.swift in Sources */ = {isa = PBXBuildFile; fileRef = 8E13CD3E2AACDA9A00D769EE /* EditProfileView.swift */; };
		8E13CD452AACDDE400D769EE /* UnderlineTextField.swift in Sources */ = {isa = PBXBuildFile; fileRef = 8E13CD442AACDDE400D769EE /* UnderlineTextField.swift */; };
		8E13CD472AACDE2F00D769EE /* FocusableTextField.swift in Sources */ = {isa = PBXBuildFile; fileRef = 8E13CD462AACDE2F00D769EE /* FocusableTextField.swift */; };
		8E546F8A2AAD9F54005BCAD4 /* BookmarkView.swift in Sources */ = {isa = PBXBuildFile; fileRef = 8E546F892AAD9F54005BCAD4 /* BookmarkView.swift */; };
		8E546F8D2AAD9F62005BCAD4 /* BookmarkGroup.swift in Sources */ = {isa = PBXBuildFile; fileRef = 8E546F8C2AAD9F62005BCAD4 /* BookmarkGroup.swift */; };
		8E546F912AADA34F005BCAD4 /* BookmarkDetailView.swift in Sources */ = {isa = PBXBuildFile; fileRef = 8E546F902AADA34F005BCAD4 /* BookmarkDetailView.swift */; };
		8E546F942AADA3B7005BCAD4 /* Bookmark.swift in Sources */ = {isa = PBXBuildFile; fileRef = 8E546F932AADA3B7005BCAD4 /* Bookmark.swift */; };
		8E546FB32AADDCE5005BCAD4 /* FeedListUseCase.swift in Sources */ = {isa = PBXBuildFile; fileRef = 8E546FB22AADDCE5005BCAD4 /* FeedListUseCase.swift */; };
		8E76226A2AB488E00096F7D7 /* FeedEntity.swift in Sources */ = {isa = PBXBuildFile; fileRef = 8E7622692AB488E00096F7D7 /* FeedEntity.swift */; };
		8E8844082AB6FCDD00764BDD /* SaveCafeViewModel.swift in Sources */ = {isa = PBXBuildFile; fileRef = 8E8844072AB6FCDD00764BDD /* SaveCafeViewModel.swift */; };
		8E88440F2AB709DF00764BDD /* MakeBookmarkGroupView.swift in Sources */ = {isa = PBXBuildFile; fileRef = 8E88440E2AB709DF00764BDD /* MakeBookmarkGroupView.swift */; };
		8E8844122AB70A9100764BDD /* MakeBookmarkGroupViewModel.swift in Sources */ = {isa = PBXBuildFile; fileRef = 8E8844112AB70A9100764BDD /* MakeBookmarkGroupViewModel.swift */; };
		8E8844172AB76C3C00764BDD /* CafeDetailView.swift in Sources */ = {isa = PBXBuildFile; fileRef = 8E8844162AB76C3C00764BDD /* CafeDetailView.swift */; };
		8E8A8A6D2AB49476000528BC /* feed_list.json in Resources */ = {isa = PBXBuildFile; fileRef = 8E76226D2AB48EEC0096F7D7 /* feed_list.json */; };
		8E92647F2AA84B5D00BB63E1 /* freewillApp.swift in Sources */ = {isa = PBXBuildFile; fileRef = 8E92647E2AA84B5D00BB63E1 /* freewillApp.swift */; };
		8E9264812AA84B5D00BB63E1 /* MainTabbedView.swift in Sources */ = {isa = PBXBuildFile; fileRef = 8E9264802AA84B5D00BB63E1 /* MainTabbedView.swift */; };
		8E9264832AA84B5E00BB63E1 /* Assets.xcassets in Resources */ = {isa = PBXBuildFile; fileRef = 8E9264822AA84B5E00BB63E1 /* Assets.xcassets */; };
		8E9264862AA84B5E00BB63E1 /* Preview Assets.xcassets in Resources */ = {isa = PBXBuildFile; fileRef = 8E9264852AA84B5E00BB63E1 /* Preview Assets.xcassets */; };
		8E9264972AA854B100BB63E1 /* TabBar.swift in Sources */ = {isa = PBXBuildFile; fileRef = 8E9264962AA854B100BB63E1 /* TabBar.swift */; };
		8E92649A2AA854C800BB63E1 /* TabItem.swift in Sources */ = {isa = PBXBuildFile; fileRef = 8E9264992AA854C800BB63E1 /* TabItem.swift */; };
		8E9264A02AA857C100BB63E1 /* ColorSet.swift in Sources */ = {isa = PBXBuildFile; fileRef = 8E92649F2AA857C100BB63E1 /* ColorSet.swift */; };
		8E9264C42AA9C55B00BB63E1 /* NavigationBar.swift in Sources */ = {isa = PBXBuildFile; fileRef = 8E9264C32AA9C55B00BB63E1 /* NavigationBar.swift */; };
		8E9264C62AA9D48400BB63E1 /* FilterCriteria.swift in Sources */ = {isa = PBXBuildFile; fileRef = 8E9264C52AA9D48400BB63E1 /* FilterCriteria.swift */; };
		8E9264C82AA9D6CF00BB63E1 /* FilterCriteriaChip.swift in Sources */ = {isa = PBXBuildFile; fileRef = 8E9264C72AA9D6CF00BB63E1 /* FilterCriteriaChip.swift */; };
		8E9264CB2AA9D98000BB63E1 /* FilterCriteriaSelector.swift in Sources */ = {isa = PBXBuildFile; fileRef = 8E9264CA2AA9D98000BB63E1 /* FilterCriteriaSelector.swift */; };
		8E9264CD2AA9DB6000BB63E1 /* FeedView.swift in Sources */ = {isa = PBXBuildFile; fileRef = 8E9264CC2AA9DB6000BB63E1 /* FeedView.swift */; };
		8E9264CF2AA9DDE700BB63E1 /* FeedViewModel.swift in Sources */ = {isa = PBXBuildFile; fileRef = 8E9264CE2AA9DDE700BB63E1 /* FeedViewModel.swift */; };
		8E9264D12AA9E0B000BB63E1 /* CafeListItem.swift in Sources */ = {isa = PBXBuildFile; fileRef = 8E9264D02AA9E0B000BB63E1 /* CafeListItem.swift */; };
		8E9264D32AA9E44800BB63E1 /* BlurView.swift in Sources */ = {isa = PBXBuildFile; fileRef = 8E9264D22AA9E44800BB63E1 /* BlurView.swift */; };
		8E9264D72AA9EDDB00BB63E1 /* LoginView.swift in Sources */ = {isa = PBXBuildFile; fileRef = 8E9264D62AA9EDDB00BB63E1 /* LoginView.swift */; };
		8E9264DB2AA9EF3400BB63E1 /* LoginType.swift in Sources */ = {isa = PBXBuildFile; fileRef = 8E9264DA2AA9EF3400BB63E1 /* LoginType.swift */; };
		8EB9F6212AACE8BE00FA3EF1 /* RswiftLibrary in Frameworks */ = {isa = PBXBuildFile; productRef = 8EB9F6202AACE8BE00FA3EF1 /* RswiftLibrary */; };
		8EC66CC72AB44E0A00204586 /* Respository.swift in Sources */ = {isa = PBXBuildFile; fileRef = 8EC66CC62AB44E0A00204586 /* Respository.swift */; };
		8EC66CC92AB44FCA00204586 /* Feed.swift in Sources */ = {isa = PBXBuildFile; fileRef = 8EC66CC82AB44FCA00204586 /* Feed.swift */; };
		8EC66CCB2AB4506F00204586 /* FreeWillAPI.swift in Sources */ = {isa = PBXBuildFile; fileRef = 8EC66CCA2AB4506F00204586 /* FreeWillAPI.swift */; };
		8EC66CCE2AB450AE00204586 /* CombineMoya in Frameworks */ = {isa = PBXBuildFile; productRef = 8EC66CCD2AB450AE00204586 /* CombineMoya */; };
		8EC66CD02AB450AE00204586 /* Moya in Frameworks */ = {isa = PBXBuildFile; productRef = 8EC66CCF2AB450AE00204586 /* Moya */; };
		8EC66CD22AB4515100204586 /* NetworkService.swift in Sources */ = {isa = PBXBuildFile; fileRef = 8EC66CD12AB4515100204586 /* NetworkService.swift */; };
/* End PBXBuildFile section */

/* Begin PBXFileReference section */
		8E0D08E22AB5CAAD00E61FE1 /* BookmarkGroupUseCase.swift */ = {isa = PBXFileReference; lastKnownFileType = sourcecode.swift; path = BookmarkGroupUseCase.swift; sourceTree = "<group>"; };
		8E0D08E52AB5CB8100E61FE1 /* BookmarkAPI.swift */ = {isa = PBXFileReference; lastKnownFileType = sourcecode.swift; path = BookmarkAPI.swift; sourceTree = "<group>"; };
		8E0D08EA2AB5CBCE00E61FE1 /* BookmarkGroupRepository.swift */ = {isa = PBXFileReference; lastKnownFileType = sourcecode.swift; path = BookmarkGroupRepository.swift; sourceTree = "<group>"; };
		8E0D08EC2AB5CC3C00E61FE1 /* BookmarkGroupEntity.swift */ = {isa = PBXFileReference; lastKnownFileType = sourcecode.swift; path = BookmarkGroupEntity.swift; sourceTree = "<group>"; };
		8E0D08EE2AB5CDA100E61FE1 /* bookmark_group_list.json */ = {isa = PBXFileReference; lastKnownFileType = text.json; path = bookmark_group_list.json; sourceTree = "<group>"; };
		8E0D08F12AB5CE6D00E61FE1 /* BookmarkViewModel.swift */ = {isa = PBXFileReference; lastKnownFileType = sourcecode.swift; path = BookmarkViewModel.swift; sourceTree = "<group>"; };
		8E0D08F32AB5F9BD00E61FE1 /* BookmarkEntity.swift */ = {isa = PBXFileReference; lastKnownFileType = sourcecode.swift; path = BookmarkEntity.swift; sourceTree = "<group>"; };
		8E0D08F62AB6042900E61FE1 /* BookmarkDetailViewModel.swift */ = {isa = PBXFileReference; lastKnownFileType = sourcecode.swift; path = BookmarkDetailViewModel.swift; sourceTree = "<group>"; };
		8E0D08F92AB6051200E61FE1 /* bookmark_list.json */ = {isa = PBXFileReference; lastKnownFileType = text.json; path = bookmark_list.json; sourceTree = "<group>"; };
		8E0D08FC2AB605E400E61FE1 /* BookmarkRepository.swift */ = {isa = PBXFileReference; lastKnownFileType = sourcecode.swift; path = BookmarkRepository.swift; sourceTree = "<group>"; };
		8E0D08FE2AB606BD00E61FE1 /* BookmarkUseCase.swift */ = {isa = PBXFileReference; lastKnownFileType = sourcecode.swift; path = BookmarkUseCase.swift; sourceTree = "<group>"; };
		8E0D09052AB6FB5300E61FE1 /* SaveBookmarkView.swift */ = {isa = PBXFileReference; lastKnownFileType = sourcecode.swift; path = SaveBookmarkView.swift; sourceTree = "<group>"; };
		8E13CD252AAB474600D769EE /* SearchView.swift */ = {isa = PBXFileReference; lastKnownFileType = sourcecode.swift; path = SearchView.swift; sourceTree = "<group>"; };
		8E13CD272AAB519800D769EE /* GridCalculator.swift */ = {isa = PBXFileReference; lastKnownFileType = sourcecode.swift; path = GridCalculator.swift; sourceTree = "<group>"; };
		8E13CD292AAB51A600D769EE /* GridView.swift */ = {isa = PBXFileReference; lastKnownFileType = sourcecode.swift; path = GridView.swift; sourceTree = "<group>"; };
		8E13CD2C2AAB51CD00D769EE /* Rating.swift */ = {isa = PBXFileReference; lastKnownFileType = sourcecode.swift; path = Rating.swift; sourceTree = "<group>"; };
		8E13CD2E2AAB576F00D769EE /* SearchViewModel.swift */ = {isa = PBXFileReference; lastKnownFileType = sourcecode.swift; path = SearchViewModel.swift; sourceTree = "<group>"; };
		8E13CD342AACD24200D769EE /* MyPageView.swift */ = {isa = PBXFileReference; lastKnownFileType = sourcecode.swift; path = MyPageView.swift; sourceTree = "<group>"; };
		8E13CD362AACD45E00D769EE /* UnderlinedButton.swift */ = {isa = PBXFileReference; lastKnownFileType = sourcecode.swift; path = UnderlinedButton.swift; sourceTree = "<group>"; };
		8E13CD3C2AACD78300D769EE /* BottomContainerButton.swift */ = {isa = PBXFileReference; lastKnownFileType = sourcecode.swift; path = BottomContainerButton.swift; sourceTree = "<group>"; };
		8E13CD3E2AACDA9A00D769EE /* EditProfileView.swift */ = {isa = PBXFileReference; lastKnownFileType = sourcecode.swift; path = EditProfileView.swift; sourceTree = "<group>"; };
		8E13CD442AACDDE400D769EE /* UnderlineTextField.swift */ = {isa = PBXFileReference; lastKnownFileType = sourcecode.swift; path = UnderlineTextField.swift; sourceTree = "<group>"; };
		8E13CD462AACDE2F00D769EE /* FocusableTextField.swift */ = {isa = PBXFileReference; lastKnownFileType = sourcecode.swift; path = FocusableTextField.swift; sourceTree = "<group>"; };
		8E546F892AAD9F54005BCAD4 /* BookmarkView.swift */ = {isa = PBXFileReference; lastKnownFileType = sourcecode.swift; path = BookmarkView.swift; sourceTree = "<group>"; };
		8E546F8C2AAD9F62005BCAD4 /* BookmarkGroup.swift */ = {isa = PBXFileReference; lastKnownFileType = sourcecode.swift; path = BookmarkGroup.swift; sourceTree = "<group>"; };
		8E546F902AADA34F005BCAD4 /* BookmarkDetailView.swift */ = {isa = PBXFileReference; lastKnownFileType = sourcecode.swift; path = BookmarkDetailView.swift; sourceTree = "<group>"; };
		8E546F932AADA3B7005BCAD4 /* Bookmark.swift */ = {isa = PBXFileReference; lastKnownFileType = sourcecode.swift; path = Bookmark.swift; sourceTree = "<group>"; };
		8E546FB22AADDCE5005BCAD4 /* FeedListUseCase.swift */ = {isa = PBXFileReference; lastKnownFileType = sourcecode.swift; path = FeedListUseCase.swift; sourceTree = "<group>"; };
		8E7622692AB488E00096F7D7 /* FeedEntity.swift */ = {isa = PBXFileReference; lastKnownFileType = sourcecode.swift; path = FeedEntity.swift; sourceTree = "<group>"; };
		8E76226D2AB48EEC0096F7D7 /* feed_list.json */ = {isa = PBXFileReference; lastKnownFileType = text.json; path = feed_list.json; sourceTree = "<group>"; };
		8E8844072AB6FCDD00764BDD /* SaveCafeViewModel.swift */ = {isa = PBXFileReference; lastKnownFileType = sourcecode.swift; path = SaveCafeViewModel.swift; sourceTree = "<group>"; };
		8E88440E2AB709DF00764BDD /* MakeBookmarkGroupView.swift */ = {isa = PBXFileReference; lastKnownFileType = sourcecode.swift; path = MakeBookmarkGroupView.swift; sourceTree = "<group>"; };
		8E8844112AB70A9100764BDD /* MakeBookmarkGroupViewModel.swift */ = {isa = PBXFileReference; lastKnownFileType = sourcecode.swift; path = MakeBookmarkGroupViewModel.swift; sourceTree = "<group>"; };
		8E8844162AB76C3C00764BDD /* CafeDetailView.swift */ = {isa = PBXFileReference; lastKnownFileType = sourcecode.swift; path = CafeDetailView.swift; sourceTree = "<group>"; };
		8E92647B2AA84B5D00BB63E1 /* freewill.app */ = {isa = PBXFileReference; explicitFileType = wrapper.application; includeInIndex = 0; path = freewill.app; sourceTree = BUILT_PRODUCTS_DIR; };
		8E92647E2AA84B5D00BB63E1 /* freewillApp.swift */ = {isa = PBXFileReference; lastKnownFileType = sourcecode.swift; path = freewillApp.swift; sourceTree = "<group>"; };
		8E9264802AA84B5D00BB63E1 /* MainTabbedView.swift */ = {isa = PBXFileReference; lastKnownFileType = sourcecode.swift; path = MainTabbedView.swift; sourceTree = "<group>"; };
		8E9264822AA84B5E00BB63E1 /* Assets.xcassets */ = {isa = PBXFileReference; lastKnownFileType = folder.assetcatalog; path = Assets.xcassets; sourceTree = "<group>"; };
		8E9264852AA84B5E00BB63E1 /* Preview Assets.xcassets */ = {isa = PBXFileReference; lastKnownFileType = folder.assetcatalog; path = "Preview Assets.xcassets"; sourceTree = "<group>"; };
		8E9264962AA854B100BB63E1 /* TabBar.swift */ = {isa = PBXFileReference; lastKnownFileType = sourcecode.swift; path = TabBar.swift; sourceTree = "<group>"; };
		8E9264992AA854C800BB63E1 /* TabItem.swift */ = {isa = PBXFileReference; lastKnownFileType = sourcecode.swift; path = TabItem.swift; sourceTree = "<group>"; };
		8E92649F2AA857C100BB63E1 /* ColorSet.swift */ = {isa = PBXFileReference; lastKnownFileType = sourcecode.swift; path = ColorSet.swift; sourceTree = "<group>"; };
		8E9264C32AA9C55B00BB63E1 /* NavigationBar.swift */ = {isa = PBXFileReference; lastKnownFileType = sourcecode.swift; path = NavigationBar.swift; sourceTree = "<group>"; };
		8E9264C52AA9D48400BB63E1 /* FilterCriteria.swift */ = {isa = PBXFileReference; lastKnownFileType = sourcecode.swift; path = FilterCriteria.swift; sourceTree = "<group>"; };
		8E9264C72AA9D6CF00BB63E1 /* FilterCriteriaChip.swift */ = {isa = PBXFileReference; lastKnownFileType = sourcecode.swift; path = FilterCriteriaChip.swift; sourceTree = "<group>"; };
		8E9264CA2AA9D98000BB63E1 /* FilterCriteriaSelector.swift */ = {isa = PBXFileReference; lastKnownFileType = sourcecode.swift; path = FilterCriteriaSelector.swift; sourceTree = "<group>"; };
		8E9264CC2AA9DB6000BB63E1 /* FeedView.swift */ = {isa = PBXFileReference; lastKnownFileType = sourcecode.swift; path = FeedView.swift; sourceTree = "<group>"; };
		8E9264CE2AA9DDE700BB63E1 /* FeedViewModel.swift */ = {isa = PBXFileReference; lastKnownFileType = sourcecode.swift; path = FeedViewModel.swift; sourceTree = "<group>"; };
		8E9264D02AA9E0B000BB63E1 /* CafeListItem.swift */ = {isa = PBXFileReference; lastKnownFileType = sourcecode.swift; path = CafeListItem.swift; sourceTree = "<group>"; };
		8E9264D22AA9E44800BB63E1 /* BlurView.swift */ = {isa = PBXFileReference; lastKnownFileType = sourcecode.swift; path = BlurView.swift; sourceTree = "<group>"; };
		8E9264D62AA9EDDB00BB63E1 /* LoginView.swift */ = {isa = PBXFileReference; lastKnownFileType = sourcecode.swift; path = LoginView.swift; sourceTree = "<group>"; };
		8E9264DA2AA9EF3400BB63E1 /* LoginType.swift */ = {isa = PBXFileReference; lastKnownFileType = sourcecode.swift; path = LoginType.swift; sourceTree = "<group>"; };
		8EC66CC62AB44E0A00204586 /* Respository.swift */ = {isa = PBXFileReference; lastKnownFileType = sourcecode.swift; path = Respository.swift; sourceTree = "<group>"; };
		8EC66CC82AB44FCA00204586 /* Feed.swift */ = {isa = PBXFileReference; lastKnownFileType = sourcecode.swift; path = Feed.swift; sourceTree = "<group>"; };
		8EC66CCA2AB4506F00204586 /* FreeWillAPI.swift */ = {isa = PBXFileReference; lastKnownFileType = sourcecode.swift; path = FreeWillAPI.swift; sourceTree = "<group>"; };
		8EC66CD12AB4515100204586 /* NetworkService.swift */ = {isa = PBXFileReference; lastKnownFileType = sourcecode.swift; path = NetworkService.swift; sourceTree = "<group>"; };
/* End PBXFileReference section */

/* Begin PBXFrameworksBuildPhase section */
		8E9264782AA84B5D00BB63E1 /* Frameworks */ = {
			isa = PBXFrameworksBuildPhase;
			buildActionMask = 2147483647;
			files = (
				8EC66CCE2AB450AE00204586 /* CombineMoya in Frameworks */,
				8EB9F6212AACE8BE00FA3EF1 /* RswiftLibrary in Frameworks */,
				8EC66CD02AB450AE00204586 /* Moya in Frameworks */,
			);
			runOnlyForDeploymentPostprocessing = 0;
		};
/* End PBXFrameworksBuildPhase section */

/* Begin PBXGroup section */
		8E0D09012AB6FAE600E61FE1 /* SaveCafe */ = {
			isa = PBXGroup;
			children = (
				8E0D09052AB6FB5300E61FE1 /* SaveBookmarkView.swift */,
				8E8844072AB6FCDD00764BDD /* SaveCafeViewModel.swift */,
			);
			path = SaveCafe;
			sourceTree = "<group>";
		};
		8E13CD2B2AAB51B200D769EE /* GirdView */ = {
			isa = PBXGroup;
			children = (
				8E13CD292AAB51A600D769EE /* GridView.swift */,
				8E13CD272AAB519800D769EE /* GridCalculator.swift */,
			);
			path = GirdView;
			sourceTree = "<group>";
		};
		8E546F972AADC836005BCAD4 /* Domain */ = {
			isa = PBXGroup;
			children = (
				8E546FAB2AADCFA6005BCAD4 /* Model */,
			);
			path = Domain;
			sourceTree = "<group>";
		};
		8E546F982AADC850005BCAD4 /* Data */ = {
			isa = PBXGroup;
			children = (
				8E546FAD2AADD04D005BCAD4 /* Repository */,
				8E546FAE2AADD056005BCAD4 /* Model */,
				8E76226C2AB48E8A0096F7D7 /* SampleData */,
			);
			path = Data;
			sourceTree = "<group>";
		};
		8E546F992AADC85E005BCAD4 /* Presentation */ = {
			isa = PBXGroup;
			children = (
				8E546F9B2AADC8DF005BCAD4 /* Scene */,
			);
			path = Presentation;
			sourceTree = "<group>";
		};
		8E546F9B2AADC8DF005BCAD4 /* Scene */ = {
			isa = PBXGroup;
			children = (
				8E8844152AB76C2B00764BDD /* CafeDetail */,
				8E546FA72AADC9B8005BCAD4 /* Common */,
				8E546FA32AADC95A005BCAD4 /* EditProfile */,
				8E546FA12AADC933005BCAD4 /* Bookmark */,
				8E546FA22AADC948005BCAD4 /* BookmarkDetail */,
				8E88440D2AB709BE00764BDD /* MakeBookmarkGroup */,
				8E0D09012AB6FAE600E61FE1 /* SaveCafe */,
				8E546FA02AADC927005BCAD4 /* MyPage */,
				8E546F9C2AADC8E8005BCAD4 /* TabView */,
				8E546F9F2AADC911005BCAD4 /* Search */,
				8E546F9E2AADC8FB005BCAD4 /* Feed */,
				8E546F9D2AADC8F0005BCAD4 /* Login */,
			);
			path = Scene;
			sourceTree = "<group>";
		};
		8E546F9C2AADC8E8005BCAD4 /* TabView */ = {
			isa = PBXGroup;
			children = (
				8E9264802AA84B5D00BB63E1 /* MainTabbedView.swift */,
				8E546FA92AADC9CD005BCAD4 /* Component */,
			);
			path = TabView;
			sourceTree = "<group>";
		};
		8E546F9D2AADC8F0005BCAD4 /* Login */ = {
			isa = PBXGroup;
			children = (
				8E9264D62AA9EDDB00BB63E1 /* LoginView.swift */,
			);
			path = Login;
			sourceTree = "<group>";
		};
		8E546F9E2AADC8FB005BCAD4 /* Feed */ = {
			isa = PBXGroup;
			children = (
				8E9264CC2AA9DB6000BB63E1 /* FeedView.swift */,
				8E9264CE2AA9DDE700BB63E1 /* FeedViewModel.swift */,
				8E546FAA2AADCA2B005BCAD4 /* Component */,
			);
			path = Feed;
			sourceTree = "<group>";
		};
		8E546F9F2AADC911005BCAD4 /* Search */ = {
			isa = PBXGroup;
			children = (
				8E13CD252AAB474600D769EE /* SearchView.swift */,
				8E13CD2E2AAB576F00D769EE /* SearchViewModel.swift */,
			);
			path = Search;
			sourceTree = "<group>";
		};
		8E546FA02AADC927005BCAD4 /* MyPage */ = {
			isa = PBXGroup;
			children = (
				8E13CD342AACD24200D769EE /* MyPageView.swift */,
			);
			path = MyPage;
			sourceTree = "<group>";
		};
		8E546FA12AADC933005BCAD4 /* Bookmark */ = {
			isa = PBXGroup;
			children = (
				8E546F892AAD9F54005BCAD4 /* BookmarkView.swift */,
				8E0D08F12AB5CE6D00E61FE1 /* BookmarkViewModel.swift */,
			);
			path = Bookmark;
			sourceTree = "<group>";
		};
		8E546FA22AADC948005BCAD4 /* BookmarkDetail */ = {
			isa = PBXGroup;
			children = (
				8E546F902AADA34F005BCAD4 /* BookmarkDetailView.swift */,
				8E0D08F62AB6042900E61FE1 /* BookmarkDetailViewModel.swift */,
			);
			path = BookmarkDetail;
			sourceTree = "<group>";
		};
		8E546FA32AADC95A005BCAD4 /* EditProfile */ = {
			isa = PBXGroup;
			children = (
				8E546FA52AADC9A7005BCAD4 /* Component */,
				8E13CD3E2AACDA9A00D769EE /* EditProfileView.swift */,
			);
			path = EditProfile;
			sourceTree = "<group>";
		};
		8E546FA52AADC9A7005BCAD4 /* Component */ = {
			isa = PBXGroup;
			children = (
			);
			path = Component;
			sourceTree = "<group>";
		};
		8E546FA72AADC9B8005BCAD4 /* Common */ = {
			isa = PBXGroup;
			children = (
				8E546FA82AADC9BD005BCAD4 /* Component */,
			);
			path = Common;
			sourceTree = "<group>";
		};
		8E546FA82AADC9BD005BCAD4 /* Component */ = {
			isa = PBXGroup;
			children = (
				8E9264D22AA9E44800BB63E1 /* BlurView.swift */,
				8E9264C32AA9C55B00BB63E1 /* NavigationBar.swift */,
				8E13CD362AACD45E00D769EE /* UnderlinedButton.swift */,
				8E13CD3C2AACD78300D769EE /* BottomContainerButton.swift */,
				8E13CD442AACDDE400D769EE /* UnderlineTextField.swift */,
				8E13CD462AACDE2F00D769EE /* FocusableTextField.swift */,
				8E13CD2B2AAB51B200D769EE /* GirdView */,
			);
			path = Component;
			sourceTree = "<group>";
		};
		8E546FA92AADC9CD005BCAD4 /* Component */ = {
			isa = PBXGroup;
			children = (
				8E9264962AA854B100BB63E1 /* TabBar.swift */,
				8E9264992AA854C800BB63E1 /* TabItem.swift */,
			);
			path = Component;
			sourceTree = "<group>";
		};
		8E546FAA2AADCA2B005BCAD4 /* Component */ = {
			isa = PBXGroup;
			children = (
				8E9264D02AA9E0B000BB63E1 /* CafeListItem.swift */,
				8E9264CA2AA9D98000BB63E1 /* FilterCriteriaSelector.swift */,
				8E9264C72AA9D6CF00BB63E1 /* FilterCriteriaChip.swift */,
			);
			path = Component;
			sourceTree = "<group>";
		};
		8E546FAB2AADCFA6005BCAD4 /* Model */ = {
			isa = PBXGroup;
			children = (
				8E546FAC2AADCFF5005BCAD4 /* UseCase */,
				8E9264C52AA9D48400BB63E1 /* FilterCriteria.swift */,
				8E9264DA2AA9EF3400BB63E1 /* LoginType.swift */,
				8E13CD2C2AAB51CD00D769EE /* Rating.swift */,
				8E546F8C2AAD9F62005BCAD4 /* BookmarkGroup.swift */,
				8E546F932AADA3B7005BCAD4 /* Bookmark.swift */,
				8EC66CC82AB44FCA00204586 /* Feed.swift */,
			);
			path = Model;
			sourceTree = "<group>";
		};
		8E546FAC2AADCFF5005BCAD4 /* UseCase */ = {
			isa = PBXGroup;
			children = (
				8E546FB22AADDCE5005BCAD4 /* FeedListUseCase.swift */,
				8E0D08E22AB5CAAD00E61FE1 /* BookmarkGroupUseCase.swift */,
				8E0D08FE2AB606BD00E61FE1 /* BookmarkUseCase.swift */,
			);
			path = UseCase;
			sourceTree = "<group>";
		};
		8E546FAD2AADD04D005BCAD4 /* Repository */ = {
			isa = PBXGroup;
			children = (
				8EC66CC62AB44E0A00204586 /* Respository.swift */,
				8E0D08EA2AB5CBCE00E61FE1 /* BookmarkGroupRepository.swift */,
				8E0D08FC2AB605E400E61FE1 /* BookmarkRepository.swift */,
			);
			path = Repository;
			sourceTree = "<group>";
		};
		8E546FAE2AADD056005BCAD4 /* Model */ = {
			isa = PBXGroup;
			children = (
				8E7622692AB488E00096F7D7 /* FeedEntity.swift */,
				8E0D08EC2AB5CC3C00E61FE1 /* BookmarkGroupEntity.swift */,
				8E0D08F32AB5F9BD00E61FE1 /* BookmarkEntity.swift */,
			);
			path = Model;
			sourceTree = "<group>";
		};
		8E546FAF2AADD08D005BCAD4 /* Util */ = {
			isa = PBXGroup;
			children = (
			);
			path = Util;
			sourceTree = "<group>";
		};
		8E546FB02AADD093005BCAD4 /* Network */ = {
			isa = PBXGroup;
			children = (
				8EC66CCA2AB4506F00204586 /* FreeWillAPI.swift */,
				8E0D08E52AB5CB8100E61FE1 /* BookmarkAPI.swift */,
				8EC66CD12AB4515100204586 /* NetworkService.swift */,
			);
			path = Network;
			sourceTree = "<group>";
		};
		8E546FB12AADD22B005BCAD4 /* Application */ = {
			isa = PBXGroup;
			children = (
				8E92647E2AA84B5D00BB63E1 /* freewillApp.swift */,
			);
			path = Application;
			sourceTree = "<group>";
		};
		8E76226C2AB48E8A0096F7D7 /* SampleData */ = {
			isa = PBXGroup;
			children = (
				8E76226D2AB48EEC0096F7D7 /* feed_list.json */,
				8E0D08EE2AB5CDA100E61FE1 /* bookmark_group_list.json */,
				8E0D08F92AB6051200E61FE1 /* bookmark_list.json */,
			);
			path = SampleData;
			sourceTree = "<group>";
		};
		8E88440D2AB709BE00764BDD /* MakeBookmarkGroup */ = {
			isa = PBXGroup;
			children = (
				8E88440E2AB709DF00764BDD /* MakeBookmarkGroupView.swift */,
				8E8844112AB70A9100764BDD /* MakeBookmarkGroupViewModel.swift */,
			);
			path = MakeBookmarkGroup;
			sourceTree = "<group>";
		};
		8E8844152AB76C2B00764BDD /* CafeDetail */ = {
			isa = PBXGroup;
			children = (
				8E8844162AB76C3C00764BDD /* CafeDetailView.swift */,
			);
			path = CafeDetail;
			sourceTree = "<group>";
		};
		8E9264722AA84B5D00BB63E1 = {
			isa = PBXGroup;
			children = (
				8E92647D2AA84B5D00BB63E1 /* freewill */,
				8E92647C2AA84B5D00BB63E1 /* Products */,
			);
			sourceTree = "<group>";
		};
		8E92647C2AA84B5D00BB63E1 /* Products */ = {
			isa = PBXGroup;
			children = (
				8E92647B2AA84B5D00BB63E1 /* freewill.app */,
			);
			name = Products;
			sourceTree = "<group>";
		};
		8E92647D2AA84B5D00BB63E1 /* freewill */ = {
			isa = PBXGroup;
			children = (
				8E9264942AA8543A00BB63E1 /* Sources */,
				8E9264932AA8543000BB63E1 /* Resources */,
				8E9264842AA84B5E00BB63E1 /* Preview Content */,
			);
			path = freewill;
			sourceTree = "<group>";
		};
		8E9264842AA84B5E00BB63E1 /* Preview Content */ = {
			isa = PBXGroup;
			children = (
				8E9264852AA84B5E00BB63E1 /* Preview Assets.xcassets */,
			);
			path = "Preview Content";
			sourceTree = "<group>";
		};
		8E9264932AA8543000BB63E1 /* Resources */ = {
			isa = PBXGroup;
			children = (
				8E9264822AA84B5E00BB63E1 /* Assets.xcassets */,
				8E92649F2AA857C100BB63E1 /* ColorSet.swift */,
			);
			path = Resources;
			sourceTree = "<group>";
		};
		8E9264942AA8543A00BB63E1 /* Sources */ = {
			isa = PBXGroup;
			children = (
				8E546FB12AADD22B005BCAD4 /* Application */,
				8E546FB02AADD093005BCAD4 /* Network */,
				8E546F982AADC850005BCAD4 /* Data */,
				8E546F972AADC836005BCAD4 /* Domain */,
				8E546F992AADC85E005BCAD4 /* Presentation */,
				8E546FAF2AADD08D005BCAD4 /* Util */,
			);
			path = Sources;
			sourceTree = "<group>";
		};
/* End PBXGroup section */

/* Begin PBXNativeTarget section */
		8E92647A2AA84B5D00BB63E1 /* freewill */ = {
			isa = PBXNativeTarget;
			buildConfigurationList = 8E9264892AA84B5E00BB63E1 /* Build configuration list for PBXNativeTarget "freewill" */;
			buildPhases = (
				8E9264772AA84B5D00BB63E1 /* Sources */,
				8E9264782AA84B5D00BB63E1 /* Frameworks */,
				8E9264792AA84B5D00BB63E1 /* Resources */,
			);
			buildRules = (
			);
			dependencies = (
				8EB9F6232AACEADA00FA3EF1 /* PBXTargetDependency */,
			);
			name = freewill;
			packageProductDependencies = (
				8EB9F6202AACE8BE00FA3EF1 /* RswiftLibrary */,
				8EC66CCD2AB450AE00204586 /* CombineMoya */,
				8EC66CCF2AB450AE00204586 /* Moya */,
			);
			productName = freewill;
			productReference = 8E92647B2AA84B5D00BB63E1 /* freewill.app */;
			productType = "com.apple.product-type.application";
		};
/* End PBXNativeTarget section */

/* Begin PBXProject section */
		8E9264732AA84B5D00BB63E1 /* Project object */ = {
			isa = PBXProject;
			attributes = {
				BuildIndependentTargetsInParallel = 1;
				LastSwiftUpdateCheck = 1430;
				LastUpgradeCheck = 1430;
				TargetAttributes = {
					8E92647A2AA84B5D00BB63E1 = {
						CreatedOnToolsVersion = 14.3.1;
					};
				};
			};
			buildConfigurationList = 8E9264762AA84B5D00BB63E1 /* Build configuration list for PBXProject "freewill" */;
			compatibilityVersion = "Xcode 14.0";
			developmentRegion = en;
			hasScannedForEncodings = 0;
			knownRegions = (
				en,
				Base,
			);
			mainGroup = 8E9264722AA84B5D00BB63E1;
			packageReferences = (
				8EB9F61F2AACE8BE00FA3EF1 /* XCRemoteSwiftPackageReference "R.swift" */,
				8EC66CCC2AB450AE00204586 /* XCRemoteSwiftPackageReference "Moya" */,
			);
			productRefGroup = 8E92647C2AA84B5D00BB63E1 /* Products */;
			projectDirPath = "";
			projectRoot = "";
			targets = (
				8E92647A2AA84B5D00BB63E1 /* freewill */,
			);
		};
/* End PBXProject section */

/* Begin PBXResourcesBuildPhase section */
		8E9264792AA84B5D00BB63E1 /* Resources */ = {
			isa = PBXResourcesBuildPhase;
			buildActionMask = 2147483647;
			files = (
				8E9264862AA84B5E00BB63E1 /* Preview Assets.xcassets in Resources */,
				8E0D08EF2AB5CDA100E61FE1 /* bookmark_group_list.json in Resources */,
				8E9264832AA84B5E00BB63E1 /* Assets.xcassets in Resources */,
				8E0D08FA2AB6051200E61FE1 /* bookmark_list.json in Resources */,
				8E8A8A6D2AB49476000528BC /* feed_list.json in Resources */,
			);
			runOnlyForDeploymentPostprocessing = 0;
		};
/* End PBXResourcesBuildPhase section */

/* Begin PBXSourcesBuildPhase section */
		8E9264772AA84B5D00BB63E1 /* Sources */ = {
			isa = PBXSourcesBuildPhase;
			buildActionMask = 2147483647;
			files = (
				8E0D08FF2AB606BD00E61FE1 /* BookmarkUseCase.swift in Sources */,
				8E13CD452AACDDE400D769EE /* UnderlineTextField.swift in Sources */,
				8E13CD2A2AAB51A600D769EE /* GridView.swift in Sources */,
				8E9264812AA84B5D00BB63E1 /* MainTabbedView.swift in Sources */,
				8E8844172AB76C3C00764BDD /* CafeDetailView.swift in Sources */,
				8E0D08E62AB5CB8100E61FE1 /* BookmarkAPI.swift in Sources */,
				8E0D08F22AB5CE6D00E61FE1 /* BookmarkViewModel.swift in Sources */,
				8E13CD3D2AACD78300D769EE /* BottomContainerButton.swift in Sources */,
				8E0D08F42AB5F9BD00E61FE1 /* BookmarkEntity.swift in Sources */,
				8EC66CC92AB44FCA00204586 /* Feed.swift in Sources */,
				8E9264DB2AA9EF3400BB63E1 /* LoginType.swift in Sources */,
				8E546FB32AADDCE5005BCAD4 /* FeedListUseCase.swift in Sources */,
				8E546F942AADA3B7005BCAD4 /* Bookmark.swift in Sources */,
				8E9264D32AA9E44800BB63E1 /* BlurView.swift in Sources */,
				8E9264CB2AA9D98000BB63E1 /* FilterCriteriaSelector.swift in Sources */,
				8E9264D72AA9EDDB00BB63E1 /* LoginView.swift in Sources */,
				8E0D08ED2AB5CC3C00E61FE1 /* BookmarkGroupEntity.swift in Sources */,
				8E546F912AADA34F005BCAD4 /* BookmarkDetailView.swift in Sources */,
				8E76226A2AB488E00096F7D7 /* FeedEntity.swift in Sources */,
				8E0D08FD2AB605E400E61FE1 /* BookmarkRepository.swift in Sources */,
				8E88440F2AB709DF00764BDD /* MakeBookmarkGroupView.swift in Sources */,
				8E92647F2AA84B5D00BB63E1 /* freewillApp.swift in Sources */,
				8E546F8A2AAD9F54005BCAD4 /* BookmarkView.swift in Sources */,
				8EC66CCB2AB4506F00204586 /* FreeWillAPI.swift in Sources */,
				8E13CD262AAB474600D769EE /* SearchView.swift in Sources */,
				8E92649A2AA854C800BB63E1 /* TabItem.swift in Sources */,
				8E0D08F72AB6042900E61FE1 /* BookmarkDetailViewModel.swift in Sources */,
				8E13CD282AAB519800D769EE /* GridCalculator.swift in Sources */,
				8E9264C82AA9D6CF00BB63E1 /* FilterCriteriaChip.swift in Sources */,
				8E13CD2D2AAB51CD00D769EE /* Rating.swift in Sources */,
				8EC66CD22AB4515100204586 /* NetworkService.swift in Sources */,
				8E9264D12AA9E0B000BB63E1 /* CafeListItem.swift in Sources */,
				8E13CD3F2AACDA9A00D769EE /* EditProfileView.swift in Sources */,
				8E9264C42AA9C55B00BB63E1 /* NavigationBar.swift in Sources */,
				8E0D08EB2AB5CBCE00E61FE1 /* BookmarkGroupRepository.swift in Sources */,
				8E13CD2F2AAB576F00D769EE /* SearchViewModel.swift in Sources */,
				8E546F8D2AAD9F62005BCAD4 /* BookmarkGroup.swift in Sources */,
				8E13CD372AACD45E00D769EE /* UnderlinedButton.swift in Sources */,
				8E0D09062AB6FB5300E61FE1 /* SaveBookmarkView.swift in Sources */,
				8E9264CD2AA9DB6000BB63E1 /* FeedView.swift in Sources */,
				8E0D08E32AB5CAAD00E61FE1 /* BookmarkGroupUseCase.swift in Sources */,
				8E13CD352AACD24200D769EE /* MyPageView.swift in Sources */,
				8E9264A02AA857C100BB63E1 /* ColorSet.swift in Sources */,
				8E13CD472AACDE2F00D769EE /* FocusableTextField.swift in Sources */,
				8E9264972AA854B100BB63E1 /* TabBar.swift in Sources */,
				8E9264C62AA9D48400BB63E1 /* FilterCriteria.swift in Sources */,
				8E8844122AB70A9100764BDD /* MakeBookmarkGroupViewModel.swift in Sources */,
				8E9264CF2AA9DDE700BB63E1 /* FeedViewModel.swift in Sources */,
				8EC66CC72AB44E0A00204586 /* Respository.swift in Sources */,
				8E8844082AB6FCDD00764BDD /* SaveCafeViewModel.swift in Sources */,
			);
			runOnlyForDeploymentPostprocessing = 0;
		};
/* End PBXSourcesBuildPhase section */

/* Begin PBXTargetDependency section */
		8EB9F6232AACEADA00FA3EF1 /* PBXTargetDependency */ = {
			isa = PBXTargetDependency;
			productRef = 8EB9F6222AACEADA00FA3EF1 /* RswiftGenerateInternalResources */;
		};
/* End PBXTargetDependency section */

/* Begin XCBuildConfiguration section */
		8E9264872AA84B5E00BB63E1 /* Debug */ = {
			isa = XCBuildConfiguration;
			buildSettings = {
				ALWAYS_SEARCH_USER_PATHS = NO;
				CLANG_ANALYZER_NONNULL = YES;
				CLANG_ANALYZER_NUMBER_OBJECT_CONVERSION = YES_AGGRESSIVE;
				CLANG_CXX_LANGUAGE_STANDARD = "gnu++20";
				CLANG_ENABLE_MODULES = YES;
				CLANG_ENABLE_OBJC_ARC = YES;
				CLANG_ENABLE_OBJC_WEAK = YES;
				CLANG_WARN_BLOCK_CAPTURE_AUTORELEASING = YES;
				CLANG_WARN_BOOL_CONVERSION = YES;
				CLANG_WARN_COMMA = YES;
				CLANG_WARN_CONSTANT_CONVERSION = YES;
				CLANG_WARN_DEPRECATED_OBJC_IMPLEMENTATIONS = YES;
				CLANG_WARN_DIRECT_OBJC_ISA_USAGE = YES_ERROR;
				CLANG_WARN_DOCUMENTATION_COMMENTS = YES;
				CLANG_WARN_EMPTY_BODY = YES;
				CLANG_WARN_ENUM_CONVERSION = YES;
				CLANG_WARN_INFINITE_RECURSION = YES;
				CLANG_WARN_INT_CONVERSION = YES;
				CLANG_WARN_NON_LITERAL_NULL_CONVERSION = YES;
				CLANG_WARN_OBJC_IMPLICIT_RETAIN_SELF = YES;
				CLANG_WARN_OBJC_LITERAL_CONVERSION = YES;
				CLANG_WARN_OBJC_ROOT_CLASS = YES_ERROR;
				CLANG_WARN_QUOTED_INCLUDE_IN_FRAMEWORK_HEADER = YES;
				CLANG_WARN_RANGE_LOOP_ANALYSIS = YES;
				CLANG_WARN_STRICT_PROTOTYPES = YES;
				CLANG_WARN_SUSPICIOUS_MOVE = YES;
				CLANG_WARN_UNGUARDED_AVAILABILITY = YES_AGGRESSIVE;
				CLANG_WARN_UNREACHABLE_CODE = YES;
				CLANG_WARN__DUPLICATE_METHOD_MATCH = YES;
				COPY_PHASE_STRIP = NO;
				DEBUG_INFORMATION_FORMAT = dwarf;
				ENABLE_STRICT_OBJC_MSGSEND = YES;
				ENABLE_TESTABILITY = YES;
				GCC_C_LANGUAGE_STANDARD = gnu11;
				GCC_DYNAMIC_NO_PIC = NO;
				GCC_NO_COMMON_BLOCKS = YES;
				GCC_OPTIMIZATION_LEVEL = 0;
				GCC_PREPROCESSOR_DEFINITIONS = (
					"DEBUG=1",
					"$(inherited)",
				);
				GCC_WARN_64_TO_32_BIT_CONVERSION = YES;
				GCC_WARN_ABOUT_RETURN_TYPE = YES_ERROR;
				GCC_WARN_UNDECLARED_SELECTOR = YES;
				GCC_WARN_UNINITIALIZED_AUTOS = YES_AGGRESSIVE;
				GCC_WARN_UNUSED_FUNCTION = YES;
				GCC_WARN_UNUSED_VARIABLE = YES;
				IPHONEOS_DEPLOYMENT_TARGET = 16.4;
				MTL_ENABLE_DEBUG_INFO = INCLUDE_SOURCE;
				MTL_FAST_MATH = YES;
				ONLY_ACTIVE_ARCH = YES;
				SDKROOT = iphoneos;
				SWIFT_ACTIVE_COMPILATION_CONDITIONS = DEBUG;
				SWIFT_OPTIMIZATION_LEVEL = "-Onone";
			};
			name = Debug;
		};
		8E9264882AA84B5E00BB63E1 /* Release */ = {
			isa = XCBuildConfiguration;
			buildSettings = {
				ALWAYS_SEARCH_USER_PATHS = NO;
				CLANG_ANALYZER_NONNULL = YES;
				CLANG_ANALYZER_NUMBER_OBJECT_CONVERSION = YES_AGGRESSIVE;
				CLANG_CXX_LANGUAGE_STANDARD = "gnu++20";
				CLANG_ENABLE_MODULES = YES;
				CLANG_ENABLE_OBJC_ARC = YES;
				CLANG_ENABLE_OBJC_WEAK = YES;
				CLANG_WARN_BLOCK_CAPTURE_AUTORELEASING = YES;
				CLANG_WARN_BOOL_CONVERSION = YES;
				CLANG_WARN_COMMA = YES;
				CLANG_WARN_CONSTANT_CONVERSION = YES;
				CLANG_WARN_DEPRECATED_OBJC_IMPLEMENTATIONS = YES;
				CLANG_WARN_DIRECT_OBJC_ISA_USAGE = YES_ERROR;
				CLANG_WARN_DOCUMENTATION_COMMENTS = YES;
				CLANG_WARN_EMPTY_BODY = YES;
				CLANG_WARN_ENUM_CONVERSION = YES;
				CLANG_WARN_INFINITE_RECURSION = YES;
				CLANG_WARN_INT_CONVERSION = YES;
				CLANG_WARN_NON_LITERAL_NULL_CONVERSION = YES;
				CLANG_WARN_OBJC_IMPLICIT_RETAIN_SELF = YES;
				CLANG_WARN_OBJC_LITERAL_CONVERSION = YES;
				CLANG_WARN_OBJC_ROOT_CLASS = YES_ERROR;
				CLANG_WARN_QUOTED_INCLUDE_IN_FRAMEWORK_HEADER = YES;
				CLANG_WARN_RANGE_LOOP_ANALYSIS = YES;
				CLANG_WARN_STRICT_PROTOTYPES = YES;
				CLANG_WARN_SUSPICIOUS_MOVE = YES;
				CLANG_WARN_UNGUARDED_AVAILABILITY = YES_AGGRESSIVE;
				CLANG_WARN_UNREACHABLE_CODE = YES;
				CLANG_WARN__DUPLICATE_METHOD_MATCH = YES;
				COPY_PHASE_STRIP = NO;
				DEBUG_INFORMATION_FORMAT = "dwarf-with-dsym";
				ENABLE_NS_ASSERTIONS = NO;
				ENABLE_STRICT_OBJC_MSGSEND = YES;
				GCC_C_LANGUAGE_STANDARD = gnu11;
				GCC_NO_COMMON_BLOCKS = YES;
				GCC_WARN_64_TO_32_BIT_CONVERSION = YES;
				GCC_WARN_ABOUT_RETURN_TYPE = YES_ERROR;
				GCC_WARN_UNDECLARED_SELECTOR = YES;
				GCC_WARN_UNINITIALIZED_AUTOS = YES_AGGRESSIVE;
				GCC_WARN_UNUSED_FUNCTION = YES;
				GCC_WARN_UNUSED_VARIABLE = YES;
				IPHONEOS_DEPLOYMENT_TARGET = 16.4;
				MTL_ENABLE_DEBUG_INFO = NO;
				MTL_FAST_MATH = YES;
				SDKROOT = iphoneos;
				SWIFT_COMPILATION_MODE = wholemodule;
				SWIFT_OPTIMIZATION_LEVEL = "-O";
				VALIDATE_PRODUCT = YES;
			};
			name = Release;
		};
		8E92648A2AA84B5E00BB63E1 /* Debug */ = {
			isa = XCBuildConfiguration;
			buildSettings = {
				ASSETCATALOG_COMPILER_APPICON_NAME = AppIcon;
				ASSETCATALOG_COMPILER_GLOBAL_ACCENT_COLOR_NAME = AccentColor;
				CODE_SIGN_STYLE = Automatic;
				CURRENT_PROJECT_VERSION = 1;
				DEVELOPMENT_ASSET_PATHS = "\"freewill/Preview Content\"";
				DEVELOPMENT_TEAM = 497P4L97SV;
				ENABLE_PREVIEWS = YES;
				GENERATE_INFOPLIST_FILE = YES;
				INFOPLIST_KEY_UIApplicationSceneManifest_Generation = YES;
				INFOPLIST_KEY_UIApplicationSupportsIndirectInputEvents = YES;
				INFOPLIST_KEY_UILaunchScreen_Generation = YES;
				INFOPLIST_KEY_UISupportedInterfaceOrientations = UIInterfaceOrientationPortrait;
				INFOPLIST_KEY_UIUserInterfaceStyle = LIGHT;
				IPHONEOS_DEPLOYMENT_TARGET = 16.0;
				LD_RUNPATH_SEARCH_PATHS = (
					"$(inherited)",
					"@executable_path/Frameworks",
				);
				MARKETING_VERSION = 1.0;
				PRODUCT_BUNDLE_IDENTIFIER = com.wallaby.freewill;
				PRODUCT_NAME = "$(TARGET_NAME)";
				SWIFT_EMIT_LOC_STRINGS = YES;
				SWIFT_VERSION = 5.0;
				TARGETED_DEVICE_FAMILY = "1,2";
			};
			name = Debug;
		};
		8E92648B2AA84B5E00BB63E1 /* Release */ = {
			isa = XCBuildConfiguration;
			buildSettings = {
				ASSETCATALOG_COMPILER_APPICON_NAME = AppIcon;
				ASSETCATALOG_COMPILER_GLOBAL_ACCENT_COLOR_NAME = AccentColor;
				CODE_SIGN_STYLE = Automatic;
				CURRENT_PROJECT_VERSION = 1;
				DEVELOPMENT_ASSET_PATHS = "\"freewill/Preview Content\"";
				DEVELOPMENT_TEAM = 497P4L97SV;
				ENABLE_PREVIEWS = YES;
				GENERATE_INFOPLIST_FILE = YES;
				INFOPLIST_KEY_UIApplicationSceneManifest_Generation = YES;
				INFOPLIST_KEY_UIApplicationSupportsIndirectInputEvents = YES;
				INFOPLIST_KEY_UILaunchScreen_Generation = YES;
				INFOPLIST_KEY_UISupportedInterfaceOrientations = UIInterfaceOrientationPortrait;
				INFOPLIST_KEY_UIUserInterfaceStyle = LIGHT;
				IPHONEOS_DEPLOYMENT_TARGET = 16.0;
				LD_RUNPATH_SEARCH_PATHS = (
					"$(inherited)",
					"@executable_path/Frameworks",
				);
				MARKETING_VERSION = 1.0;
				PRODUCT_BUNDLE_IDENTIFIER = com.wallaby.freewill;
				PRODUCT_NAME = "$(TARGET_NAME)";
				SWIFT_EMIT_LOC_STRINGS = YES;
				SWIFT_VERSION = 5.0;
				TARGETED_DEVICE_FAMILY = "1,2";
			};
			name = Release;
		};
/* End XCBuildConfiguration section */

/* Begin XCConfigurationList section */
		8E9264762AA84B5D00BB63E1 /* Build configuration list for PBXProject "freewill" */ = {
			isa = XCConfigurationList;
			buildConfigurations = (
				8E9264872AA84B5E00BB63E1 /* Debug */,
				8E9264882AA84B5E00BB63E1 /* Release */,
			);
			defaultConfigurationIsVisible = 0;
			defaultConfigurationName = Release;
		};
		8E9264892AA84B5E00BB63E1 /* Build configuration list for PBXNativeTarget "freewill" */ = {
			isa = XCConfigurationList;
			buildConfigurations = (
				8E92648A2AA84B5E00BB63E1 /* Debug */,
				8E92648B2AA84B5E00BB63E1 /* Release */,
			);
			defaultConfigurationIsVisible = 0;
			defaultConfigurationName = Release;
		};
/* End XCConfigurationList section */

/* Begin XCRemoteSwiftPackageReference section */
		8EB9F61F2AACE8BE00FA3EF1 /* XCRemoteSwiftPackageReference "R.swift" */ = {
			isa = XCRemoteSwiftPackageReference;
			repositoryURL = "https://github.com/mac-cain13/R.swift.git";
			requirement = {
				kind = upToNextMajorVersion;
				minimumVersion = 7.0.0;
			};
		};
		8EC66CCC2AB450AE00204586 /* XCRemoteSwiftPackageReference "Moya" */ = {
			isa = XCRemoteSwiftPackageReference;
			repositoryURL = "https://github.com/Moya/Moya";
			requirement = {
				kind = exactVersion;
				version = 15.0.3;
			};
		};
/* End XCRemoteSwiftPackageReference section */

/* Begin XCSwiftPackageProductDependency section */
		8EB9F6202AACE8BE00FA3EF1 /* RswiftLibrary */ = {
			isa = XCSwiftPackageProductDependency;
			package = 8EB9F61F2AACE8BE00FA3EF1 /* XCRemoteSwiftPackageReference "R.swift" */;
			productName = RswiftLibrary;
		};
		8EB9F6222AACEADA00FA3EF1 /* RswiftGenerateInternalResources */ = {
			isa = XCSwiftPackageProductDependency;
			productName = "plugin:RswiftGenerateInternalResources";
		};
		8EC66CCD2AB450AE00204586 /* CombineMoya */ = {
			isa = XCSwiftPackageProductDependency;
			package = 8EC66CCC2AB450AE00204586 /* XCRemoteSwiftPackageReference "Moya" */;
			productName = CombineMoya;
		};
		8EC66CCF2AB450AE00204586 /* Moya */ = {
			isa = XCSwiftPackageProductDependency;
			package = 8EC66CCC2AB450AE00204586 /* XCRemoteSwiftPackageReference "Moya" */;
			productName = Moya;
		};
/* End XCSwiftPackageProductDependency section */
	};
	rootObject = 8E9264732AA84B5D00BB63E1 /* Project object */;
}
